
Microsoft Visual Studio Solution File, Format Version 12.00
# Visual Studio 15
VisualStudioVersion = 15.0.28307.1831
MinimumVisualStudioVersion = 10.0.40219.1
Project("{FAE04EC0-301F-11D3-BF4B-00C04F79EFBC}") = "Afy", "Afy\Afy.csproj", "{F79BAEFF-B9FB-4E54-8AA6-BF3B344AD142}"
EndProject
Global
	GlobalSection(SolutionConfigurationPlatforms) = preSolution
		Debug|Any CPU = Debug|Any CPU
		Release|Any CPU = Release|Any CPU
	EndGlobalSection
	GlobalSection(ProjectConfigurationPlatforms) = postSolution
		{F79BAEFF-B9FB-4E54-8AA6-BF3B344AD142}.Debug|Any CPU.ActiveCfg = Debug|Any CPU
		{F79BAEFF-B9FB-4E54-8AA6-BF3B344AD142}.Debug|Any CPU.Build.0 = Debug|Any CPU
		{F79BAEFF-B9FB-4E54-8AA6-BF3B344AD142}.Release|Any CPU.ActiveCfg = Release|Any CPU
		{F79BAEFF-B9FB-4E54-8AA6-BF3B344AD142}.Release|Any CPU.Build.0 = Release|Any CPU
	EndGlobalSection
	GlobalSection(SolutionProperties) = preSolution
		HideSolutionNode = FALSE
	EndGlobalSection
	GlobalSection(ExtensibilityGlobals) = postSolution
		SolutionGuid = {21DDB0E1-9AC3-4413-BB12-A554B87BF2CB}
	EndGlobalSection
EndGlobal
